// !$*UTF8*$!
{
	archiveVersion = 1;
	classes = {
	};
	objectVersion = 44;
	objects = {

/* Begin PBXAppleScriptBuildPhase section */
		257572C4072881A4000BE9CA /* AppleScript */ = {
			isa = PBXAppleScriptBuildPhase;
			buildActionMask = 2147483647;
			contextName = "";
			files = (
				257572C5072881A4000BE9CA /* main.applescript in AppleScript */,
				399035C90C0A80BD007AC6A6 /* buttons.applescript in AppleScript */,
				39297B980CB0828D00995B21 /* snippets.applescript in AppleScript */,
				39AFA14F0CB18E0C002F6525 /* table.applescript in AppleScript */,
				397D7D960CD96D030064BAE5 /* ipod.applescript in AppleScript */,
				39DA52B50CFE0D41006B1616 /* preview.applescript in AppleScript */,
				39CB28D10D04E94700B769CC /* automation.applescript in AppleScript */,
				39C274020D71C7B5005112B8 /* growl.applescript in AppleScript */,
				39EE33950E5A0E0D001050D2 /* finder.applescript in AppleScript */,
			);
			isSharedContext = 0;
			runOnlyForDeploymentPostprocessing = 0;
		};
/* End PBXAppleScriptBuildPhase section */

/* Begin PBXBuildFile section */
		257572C5072881A4000BE9CA /* main.applescript in AppleScript */ = {isa = PBXBuildFile; fileRef = DA206CF3015C4E8B03C91932 /* main.applescript */; settings = {ATTRIBUTES = (Debug, ); }; };
		257572C7072881A4000BE9CA /* MainMenu.nib in Resources */ = {isa = PBXBuildFile; fileRef = 29B97318FDCFA39411CA2CEA /* MainMenu.nib */; };
		257572C8072881A4000BE9CA /* InfoPlist.strings in Resources */ = {isa = PBXBuildFile; fileRef = 089C165CFE840E0CC02AAC07 /* InfoPlist.strings */; };
		257572CA072881A4000BE9CA /* main.m in Sources */ = {isa = PBXBuildFile; fileRef = 29B97316FDCFA39411CA2CEA /* main.m */; settings = {ATTRIBUTES = (); }; };
		257572CC072881A4000BE9CA /* Cocoa.framework in Frameworks */ = {isa = PBXBuildFile; fileRef = 1058C7A1FEA54F0111CA2CBB /* Cocoa.framework */; };
		257572CD072881A4000BE9CA /* AppleScriptKit.framework in Frameworks */ = {isa = PBXBuildFile; fileRef = DA206CF1015C4E2903C91932 /* AppleScriptKit.framework */; };
		390331B70D68DD5D00C8905F /* notifications.icns in Resources */ = {isa = PBXBuildFile; fileRef = 390331B60D68DD5D00C8905F /* notifications.icns */; };
		390332260D69285100C8905F /* qt_export in Resources */ = {isa = PBXBuildFile; fileRef = 390332250D69285100C8905F /* qt_export */; };
		390332280D69285C00C8905F /* 3gppass in Resources */ = {isa = PBXBuildFile; fileRef = 390332270D69285C00C8905F /* 3gppass */; };
		390371820D41684600E7501B /* cd.png in Resources */ = {isa = PBXBuildFile; fileRef = 390371810D41684600E7501B /* cd.png */; };
		39216CE60E75A4D600F7A5DB /* movtoy4m in Resources */ = {isa = PBXBuildFile; fileRef = 39216CE50E75A4D600F7A5DB /* movtoy4m */; };
		39297B980CB0828D00995B21 /* snippets.applescript in AppleScript */ = {isa = PBXBuildFile; fileRef = 39297B970CB0828D00995B21 /* snippets.applescript */; settings = {ATTRIBUTES = (Debug, ); }; };
		3944776E0D45765D0026522B /* readyunknown.png in Resources */ = {isa = PBXBuildFile; fileRef = 3944776D0D45765D0026522B /* readyunknown.png */; };
		39583E990DA40A4900FFCAC9 /* COPYING.txt in Resources */ = {isa = PBXBuildFile; fileRef = 39583E970DA40A4900FFCAC9 /* COPYING.txt */; };
		395A14DA0D4160D400F1E540 /* flac.png in Resources */ = {isa = PBXBuildFile; fileRef = 395A14D80D4160D400F1E540 /* flac.png */; };
		395A14DB0D4160D400F1E540 /* ogg.png in Resources */ = {isa = PBXBuildFile; fileRef = 395A14D90D4160D400F1E540 /* ogg.png */; };
		395A14E50D41647400F1E540 /* wma.png in Resources */ = {isa = PBXBuildFile; fileRef = 395A14E40D41647400F1E540 /* wma.png */; };
		395A14EA0D4165F500F1E540 /* mp3.png in Resources */ = {isa = PBXBuildFile; fileRef = 395A14E00D41644900F1E540 /* mp3.png */; };
		395A14EB0D4165FC00F1E540 /* aiff.png in Resources */ = {isa = PBXBuildFile; fileRef = 395A14DD0D41644900F1E540 /* aiff.png */; };
		395A14EC0D4165FC00F1E540 /* aac.png in Resources */ = {isa = PBXBuildFile; fileRef = 395A14DE0D41644900F1E540 /* aac.png */; };
		395A14ED0D4165FC00F1E540 /* wav.png in Resources */ = {isa = PBXBuildFile; fileRef = 395A14DF0D41644900F1E540 /* wav.png */; };
		395A14EE0D4165FC00F1E540 /* itunesfile.png in Resources */ = {isa = PBXBuildFile; fileRef = 395A14E10D41644900F1E540 /* itunesfile.png */; };
		395A15400D41669900F1E540 /* 3g.png in Resources */ = {isa = PBXBuildFile; fileRef = 395A153F0D41669900F1E540 /* 3g.png */; };
		3968A4C20E6CBB7200B6E6D1 /* mp4pass in Resources */ = {isa = PBXBuildFile; fileRef = 3968A4C10E6CBB7200B6E6D1 /* mp4pass */; };
		39709E8E0CBBDE0900F7BC13 /* preview.tiff in Resources */ = {isa = PBXBuildFile; fileRef = 39709E7D0CBBDE0900F7BC13 /* preview.tiff */; };
		39709E900CBBDE0900F7BC13 /* info.tiff in Resources */ = {isa = PBXBuildFile; fileRef = 39709E7F0CBBDE0900F7BC13 /* info.tiff */; };
		39709E910CBBDE0900F7BC13 /* ok.png in Resources */ = {isa = PBXBuildFile; fileRef = 39709E800CBBDE0900F7BC13 /* ok.png */; };
		39709E920CBBDE0900F7BC13 /* converting.png in Resources */ = {isa = PBXBuildFile; fileRef = 39709E810CBBDE0900F7BC13 /* converting.png */; };
		39709E930CBBDE0900F7BC13 /* delete.icns in Resources */ = {isa = PBXBuildFile; fileRef = 39709E820CBBDE0900F7BC13 /* delete.icns */; };
		39709E940CBBDE0900F7BC13 /* burn.icns in Resources */ = {isa = PBXBuildFile; fileRef = 39709E830CBBDE0900F7BC13 /* burn.icns */; };
		39709E9A0CBBDE0900F7BC13 /* add.icns in Resources */ = {isa = PBXBuildFile; fileRef = 39709E890CBBDE0900F7BC13 /* add.icns */; };
		39709E9B0CBBDE0900F7BC13 /* prefs.icns in Resources */ = {isa = PBXBuildFile; fileRef = 39709E8A0CBBDE0900F7BC13 /* prefs.icns */; };
		39709E9C0CBBDE0900F7BC13 /* error.png in Resources */ = {isa = PBXBuildFile; fileRef = 39709E8B0CBBDE0900F7BC13 /* error.png */; };
		39709E9E0CBBDE0900F7BC13 /* clearall.tiff in Resources */ = {isa = PBXBuildFile; fileRef = 39709E8D0CBBDE0900F7BC13 /* clearall.tiff */; };
		397D7D960CD96D030064BAE5 /* ipod.applescript in AppleScript */ = {isa = PBXBuildFile; fileRef = 397D7D950CD96D030064BAE5 /* ipod.applescript */; settings = {ATTRIBUTES = (Debug, ); }; };
		398A3B290CCAA56F00548284 /* Localizable.strings in Resources */ = {isa = PBXBuildFile; fileRef = 398A3B280CCAA56F00548284 /* Localizable.strings */; };
		398AC2510CDC13CF004C9375 /* mov123 in Resources */ = {isa = PBXBuildFile; fileRef = 398AC2500CDC13CF004C9375 /* mov123 */; };
		399035C90C0A80BD007AC6A6 /* buttons.applescript in AppleScript */ = {isa = PBXBuildFile; fileRef = 399035C80C0A80BD007AC6A6 /* buttons.applescript */; settings = {ATTRIBUTES = (Debug, ); }; };
		399652D70D25896800B7A514 /* topbar.png in Resources */ = {isa = PBXBuildFile; fileRef = 399652D60D25896800B7A514 /* topbar.png */; };
		39A13CDF0DE6876800C725AA /* qt_info in Resources */ = {isa = PBXBuildFile; fileRef = 39A13CDE0DE6876800C725AA /* qt_info */; };
		39A68AFC0D25ACE300AF5D3B /* SetFile in Resources */ = {isa = PBXBuildFile; fileRef = 39A68AFB0D25ACE300AF5D3B /* SetFile */; };
		39AAC65C0CBC218F0047C07C /* burntbottom.png in Resources */ = {isa = PBXBuildFile; fileRef = 39AAC65B0CBC218F0047C07C /* burntbottom.png */; };
		39AAC65F0CBC22D90047C07C /* grayback.png in Resources */ = {isa = PBXBuildFile; fileRef = 39AAC65E0CBC22D90047C07C /* grayback.png */; };
		39AAC6DA0CBC82F20047C07C /* toolbaraudio.png in Resources */ = {isa = PBXBuildFile; fileRef = 39AAC6D90CBC82F20047C07C /* toolbaraudio.png */; };
		39AAC6DD0CBC84080047C07C /* toolbaroneoff.png in Resources */ = {isa = PBXBuildFile; fileRef = 39AAC6DB0CBC84080047C07C /* toolbaroneoff.png */; };
		39AAC6DE0CBC84080047C07C /* toolbarinfo.png in Resources */ = {isa = PBXBuildFile; fileRef = 39AAC6DC0CBC84080047C07C /* toolbarinfo.png */; };
		39AFA14F0CB18E0C002F6525 /* table.applescript in AppleScript */ = {isa = PBXBuildFile; fileRef = 39AFA14E0CB18E0C002F6525 /* table.applescript */; settings = {ATTRIBUTES = (Debug, ); }; };
		39BAB0CA0CBBF98000616AA0 /* ready.png in Resources */ = {isa = PBXBuildFile; fileRef = 39BAB0C90CBBF98000616AA0 /* ready.png */; };
		39C1BD9D0E55191C00A982BF /* mediainfo in Resources */ = {isa = PBXBuildFile; fileRef = 39C1BD9C0E55191C00A982BF /* mediainfo */; };
		39C1BD9F0E55192700A982BF /* Example.csv in Resources */ = {isa = PBXBuildFile; fileRef = 39C1BD9E0E55192700A982BF /* Example.csv */; };
		39C1BE300E56550800A982BF /* dv.png in Resources */ = {isa = PBXBuildFile; fileRef = 39C1BE2F0E56550800A982BF /* dv.png */; };
		39C1BE320E56551600A982BF /* xbox360.png in Resources */ = {isa = PBXBuildFile; fileRef = 39C1BE310E56551600A982BF /* xbox360.png */; };
		39C1BE3D0E56554C00A982BF /* ps3.png in Resources */ = {isa = PBXBuildFile; fileRef = 39C1BE370E56554C00A982BF /* ps3.png */; };
		39C1BE3E0E56554C00A982BF /* psp.png in Resources */ = {isa = PBXBuildFile; fileRef = 39C1BE380E56554C00A982BF /* psp.png */; };
		39C1BE3F0E56554C00A982BF /* ipod.png in Resources */ = {isa = PBXBuildFile; fileRef = 39C1BE390E56554C00A982BF /* ipod.png */; };
		39C1BE400E56554C00A982BF /* wii.png in Resources */ = {isa = PBXBuildFile; fileRef = 39C1BE3A0E56554C00A982BF /* wii.png */; };
		39C1BE410E56554C00A982BF /* tivo.png in Resources */ = {isa = PBXBuildFile; fileRef = 39C1BE3B0E56554C00A982BF /* tivo.png */; };
		39C1BE420E56554C00A982BF /* flash.png in Resources */ = {isa = PBXBuildFile; fileRef = 39C1BE3C0E56554C00A982BF /* flash.png */; };
		39C1BE440E56555C00A982BF /* file.png in Resources */ = {isa = PBXBuildFile; fileRef = 39C1BE430E56555C00A982BF /* file.png */; };
		39C1BE510E5658A300A982BF /* iphone.png in Resources */ = {isa = PBXBuildFile; fileRef = 39C1BE470E5658A300A982BF /* iphone.png */; };
		39C1BE520E5658A300A982BF /* tinyfile.png in Resources */ = {isa = PBXBuildFile; fileRef = 39C1BE480E5658A300A982BF /* tinyfile.png */; };
		39C1BE530E5658A300A982BF /* tinyxbox360.png in Resources */ = {isa = PBXBuildFile; fileRef = 39C1BE490E5658A300A982BF /* tinyxbox360.png */; };
		39C1BE540E5658A300A982BF /* tinytivo.png in Resources */ = {isa = PBXBuildFile; fileRef = 39C1BE4A0E5658A300A982BF /* tinytivo.png */; };
		39C1BE550E5658A300A982BF /* tinyflash.png in Resources */ = {isa = PBXBuildFile; fileRef = 39C1BE4B0E5658A300A982BF /* tinyflash.png */; };
		39C1BE560E5658A300A982BF /* tinypsp.png in Resources */ = {isa = PBXBuildFile; fileRef = 39C1BE4C0E5658A300A982BF /* tinypsp.png */; };
		39C1BE570E5658A300A982BF /* tinyps3.png in Resources */ = {isa = PBXBuildFile; fileRef = 39C1BE4D0E5658A300A982BF /* tinyps3.png */; };
		39C1BE580E5658A300A982BF /* tinydv.png in Resources */ = {isa = PBXBuildFile; fileRef = 39C1BE4E0E5658A300A982BF /* tinydv.png */; };
		39C1BE590E5658A300A982BF /* tinywii.png in Resources */ = {isa = PBXBuildFile; fileRef = 39C1BE4F0E5658A300A982BF /* tinywii.png */; };
		39C1BE5A0E5658A300A982BF /* tinyiphone.png in Resources */ = {isa = PBXBuildFile; fileRef = 39C1BE500E5658A300A982BF /* tinyiphone.png */; };
		39C1BE5D0E56593200A982BF /* tinyappletv.png in Resources */ = {isa = PBXBuildFile; fileRef = 39C1BE5B0E56593200A982BF /* tinyappletv.png */; };
		39C1BE5E0E56593200A982BF /* appletv.png in Resources */ = {isa = PBXBuildFile; fileRef = 39C1BE5C0E56593200A982BF /* appletv.png */; };
		39C1BE610E5659C900A982BF /* tinyipod.png in Resources */ = {isa = PBXBuildFile; fileRef = 39C1BE600E5659C900A982BF /* tinyipod.png */; };
		39C1BE680E565B3900A982BF /* nano.png in Resources */ = {isa = PBXBuildFile; fileRef = 39C1BE660E565B3900A982BF /* nano.png */; };
		39C1BE690E565B3900A982BF /* tinynano.png in Resources */ = {isa = PBXBuildFile; fileRef = 39C1BE670E565B3900A982BF /* tinynano.png */; };
		39C274020D71C7B5005112B8 /* growl.applescript in AppleScript */ = {isa = PBXBuildFile; fileRef = 39C274010D71C7B5005112B8 /* growl.applescript */; settings = {ATTRIBUTES = (Debug, ); }; };
		39CB28D10D04E94700B769CC /* automation.applescript in AppleScript */ = {isa = PBXBuildFile; fileRef = 39CB28D00D04E94700B769CC /* automation.applescript */; settings = {ATTRIBUTES = (Debug, ); }; };
		39CDEB7A0E352DE200536F38 /* sofar3.png in Resources */ = {isa = PBXBuildFile; fileRef = 39CDEB700E352DE200536F38 /* sofar3.png */; };
		39CDEB7B0E352DE200536F38 /* sofar0.png in Resources */ = {isa = PBXBuildFile; fileRef = 39CDEB710E352DE200536F38 /* sofar0.png */; };
		39CDEB7C0E352DE200536F38 /* sofar1.png in Resources */ = {isa = PBXBuildFile; fileRef = 39CDEB720E352DE200536F38 /* sofar1.png */; };
		39CDEB7D0E352DE200536F38 /* sofar2.png in Resources */ = {isa = PBXBuildFile; fileRef = 39CDEB730E352DE200536F38 /* sofar2.png */; };
		39CDEB7E0E352DE200536F38 /* sofar4.png in Resources */ = {isa = PBXBuildFile; fileRef = 39CDEB740E352DE200536F38 /* sofar4.png */; };
		39CDEB7F0E352DE200536F38 /* sofar5.png in Resources */ = {isa = PBXBuildFile; fileRef = 39CDEB750E352DE200536F38 /* sofar5.png */; };
		39CDEB800E352DE200536F38 /* sofar9.png in Resources */ = {isa = PBXBuildFile; fileRef = 39CDEB760E352DE200536F38 /* sofar9.png */; };
		39CDEB810E352DE200536F38 /* sofar6.png in Resources */ = {isa = PBXBuildFile; fileRef = 39CDEB770E352DE200536F38 /* sofar6.png */; };
		39CDEB820E352DE200536F38 /* sofar7.png in Resources */ = {isa = PBXBuildFile; fileRef = 39CDEB780E352DE200536F38 /* sofar7.png */; };
		39CDEB830E352DE200536F38 /* sofar8.png in Resources */ = {isa = PBXBuildFile; fileRef = 39CDEB790E352DE200536F38 /* sofar8.png */; };
		39D3361B0D45295200CD613F /* tinywma.png in Resources */ = {isa = PBXBuildFile; fileRef = 39D336160D45295200CD613F /* tinywma.png */; };
		39D3361C0D45295200CD613F /* tinyitunes.png in Resources */ = {isa = PBXBuildFile; fileRef = 39D336170D45295200CD613F /* tinyitunes.png */; };
		39D3361D0D45295200CD613F /* tinywav.png in Resources */ = {isa = PBXBuildFile; fileRef = 39D336180D45295200CD613F /* tinywav.png */; };
		39D3361E0D45295200CD613F /* tinyflac.png in Resources */ = {isa = PBXBuildFile; fileRef = 39D336190D45295200CD613F /* tinyflac.png */; };
		39D3361F0D45295200CD613F /* tinycd.png in Resources */ = {isa = PBXBuildFile; fileRef = 39D3361A0D45295200CD613F /* tinycd.png */; };
		39D336210D4529B500CD613F /* tinyogg.png in Resources */ = {isa = PBXBuildFile; fileRef = 39D336200D4529B500CD613F /* tinyogg.png */; };
		39D336240D452A0000CD613F /* tiny3g.png in Resources */ = {isa = PBXBuildFile; fileRef = 39D336230D452A0000CD613F /* tiny3g.png */; };
		39DA52B50CFE0D41006B1616 /* preview.applescript in AppleScript */ = {isa = PBXBuildFile; fileRef = 39DA52B40CFE0D41006B1616 /* preview.applescript */; settings = {ATTRIBUTES = (Debug, ); }; };
		39DD111D0D15D558005563CB /* AtomicParsley in Resources */ = {isa = PBXBuildFile; fileRef = 39B220FA0CC660DD005F67E2 /* AtomicParsley */; };
		39E956510E997FEA00165A1C /* mencoder in Resources */ = {isa = PBXBuildFile; fileRef = 39E956500E997FEA00165A1C /* mencoder */; };
		39EE33950E5A0E0D001050D2 /* finder.applescript in AppleScript */ = {isa = PBXBuildFile; fileRef = 39EE33940E5A0E0D001050D2 /* finder.applescript */; settings = {ATTRIBUTES = (Debug, ); }; };
/* End PBXBuildFile section */

/* Begin PBXCopyFilesBuildPhase section */
		394477A20D45802A0026522B /* CopyFiles */ = {
			isa = PBXCopyFilesBuildPhase;
			buildActionMask = 2147483647;
			dstPath = "";
			dstSubfolderSpec = 10;
			files = (
			);
			runOnlyForDeploymentPostprocessing = 0;
		};
/* End PBXCopyFilesBuildPhase section */

/* Begin PBXFileReference section */
		089C165DFE840E0CC02AAC07 /* English */ = {isa = PBXFileReference; fileEncoding = 10; lastKnownFileType = text.plist.strings; name = English; path = English.lproj/InfoPlist.strings; sourceTree = "<group>"; };
		1058C7A1FEA54F0111CA2CBB /* Cocoa.framework */ = {isa = PBXFileReference; lastKnownFileType = wrapper.framework; name = Cocoa.framework; path = /System/Library/Frameworks/Cocoa.framework; sourceTree = "<absolute>"; };
		257572D5072881A4000BE9CA /* Info.plist */ = {isa = PBXFileReference; lastKnownFileType = text.plist.xml; path = Info.plist; sourceTree = "<group>"; };
		257572D6072881A4000BE9CA /* FilmRedux.app */ = {isa = PBXFileReference; explicitFileType = wrapper.application; includeInIndex = 0; path = FilmRedux.app; sourceTree = BUILT_PRODUCTS_DIR; };
		29B97316FDCFA39411CA2CEA /* main.m */ = {isa = PBXFileReference; fileEncoding = 30; lastKnownFileType = sourcecode.c.objc; path = main.m; sourceTree = "<group>"; };
		29B97319FDCFA39411CA2CEA /* English */ = {isa = PBXFileReference; lastKnownFileType = wrapper.nib; name = English; path = English.lproj/MainMenu.nib; sourceTree = "<group>"; };
		29B97324FDCFA39411CA2CEA /* AppKit.framework */ = {isa = PBXFileReference; lastKnownFileType = wrapper.framework; name = AppKit.framework; path = /System/Library/Frameworks/AppKit.framework; sourceTree = "<absolute>"; };
		29B97325FDCFA39411CA2CEA /* Foundation.framework */ = {isa = PBXFileReference; lastKnownFileType = wrapper.framework; name = Foundation.framework; path = /System/Library/Frameworks/Foundation.framework; sourceTree = "<absolute>"; };
		390331B60D68DD5D00C8905F /* notifications.icns */ = {isa = PBXFileReference; lastKnownFileType = image.icns; path = notifications.icns; sourceTree = "<group>"; };
		390332250D69285100C8905F /* qt_export */ = {isa = PBXFileReference; lastKnownFileType = "compiled.mach-o.executable"; path = qt_export; sourceTree = "<group>"; };
		390332270D69285C00C8905F /* 3gppass */ = {isa = PBXFileReference; lastKnownFileType = file; path = 3gppass; sourceTree = "<group>"; };
		390371810D41684600E7501B /* cd.png */ = {isa = PBXFileReference; lastKnownFileType = image.png; path = cd.png; sourceTree = "<group>"; };
		39216CE50E75A4D600F7A5DB /* movtoy4m */ = {isa = PBXFileReference; lastKnownFileType = "compiled.mach-o.executable"; path = movtoy4m; sourceTree = "<group>"; };
		39297B970CB0828D00995B21 /* snippets.applescript */ = {isa = PBXFileReference; fileEncoding = 4; lastKnownFileType = sourcecode.applescript; path = snippets.applescript; sourceTree = "<group>"; };
		3944776D0D45765D0026522B /* readyunknown.png */ = {isa = PBXFileReference; lastKnownFileType = image.png; path = readyunknown.png; sourceTree = "<group>"; };
		39583E970DA40A4900FFCAC9 /* COPYING.txt */ = {isa = PBXFileReference; fileEncoding = 4; lastKnownFileType = text; path = COPYING.txt; sourceTree = "<group>"; };
		395A14D80D4160D400F1E540 /* flac.png */ = {isa = PBXFileReference; lastKnownFileType = image.png; path = flac.png; sourceTree = "<group>"; };
		395A14D90D4160D400F1E540 /* ogg.png */ = {isa = PBXFileReference; lastKnownFileType = image.png; path = ogg.png; sourceTree = "<group>"; };
		395A14DD0D41644900F1E540 /* aiff.png */ = {isa = PBXFileReference; lastKnownFileType = image.png; path = aiff.png; sourceTree = "<group>"; };
		395A14DE0D41644900F1E540 /* aac.png */ = {isa = PBXFileReference; lastKnownFileType = image.png; path = aac.png; sourceTree = "<group>"; };
		395A14DF0D41644900F1E540 /* wav.png */ = {isa = PBXFileReference; lastKnownFileType = image.png; path = wav.png; sourceTree = "<group>"; };
		395A14E00D41644900F1E540 /* mp3.png */ = {isa = PBXFileReference; lastKnownFileType = image.png; path = mp3.png; sourceTree = "<group>"; };
		395A14E10D41644900F1E540 /* itunesfile.png */ = {isa = PBXFileReference; lastKnownFileType = image.png; path = itunesfile.png; sourceTree = "<group>"; };
		395A14E40D41647400F1E540 /* wma.png */ = {isa = PBXFileReference; lastKnownFileType = image.png; path = wma.png; sourceTree = "<group>"; };
		395A153F0D41669900F1E540 /* 3g.png */ = {isa = PBXFileReference; lastKnownFileType = image.png; path = 3g.png; sourceTree = "<group>"; };
		3968A4C10E6CBB7200B6E6D1 /* mp4pass */ = {isa = PBXFileReference; lastKnownFileType = file; path = mp4pass; sourceTree = "<group>"; };
		39709E7D0CBBDE0900F7BC13 /* preview.tiff */ = {isa = PBXFileReference; lastKnownFileType = image.tiff; name = preview.tiff; path = icons/preview.tiff; sourceTree = "<group>"; };
		39709E7F0CBBDE0900F7BC13 /* info.tiff */ = {isa = PBXFileReference; lastKnownFileType = image.tiff; name = info.tiff; path = icons/info.tiff; sourceTree = "<group>"; };
		39709E800CBBDE0900F7BC13 /* ok.png */ = {isa = PBXFileReference; lastKnownFileType = image.png; name = ok.png; path = icons/ok.png; sourceTree = "<group>"; };
		39709E810CBBDE0900F7BC13 /* converting.png */ = {isa = PBXFileReference; lastKnownFileType = image.png; name = converting.png; path = icons/converting.png; sourceTree = "<group>"; };
		39709E820CBBDE0900F7BC13 /* delete.icns */ = {isa = PBXFileReference; lastKnownFileType = image.icns; name = delete.icns; path = icons/delete.icns; sourceTree = "<group>"; };
		39709E830CBBDE0900F7BC13 /* burn.icns */ = {isa = PBXFileReference; lastKnownFileType = image.icns; name = burn.icns; path = icons/burn.icns; sourceTree = "<group>"; };
		39709E850CBBDE0900F7BC13 /* GenericDocumentIcon.icns */ = {isa = PBXFileReference; lastKnownFileType = image.icns; name = GenericDocumentIcon.icns; path = icons/GenericDocumentIcon.icns; sourceTree = "<group>"; };
		39709E890CBBDE0900F7BC13 /* add.icns */ = {isa = PBXFileReference; lastKnownFileType = image.icns; name = add.icns; path = icons/add.icns; sourceTree = "<group>"; };
		39709E8A0CBBDE0900F7BC13 /* prefs.icns */ = {isa = PBXFileReference; lastKnownFileType = image.icns; name = prefs.icns; path = icons/prefs.icns; sourceTree = "<group>"; };
		39709E8B0CBBDE0900F7BC13 /* error.png */ = {isa = PBXFileReference; lastKnownFileType = image.png; name = error.png; path = icons/error.png; sourceTree = "<group>"; };
		39709E8D0CBBDE0900F7BC13 /* clearall.tiff */ = {isa = PBXFileReference; lastKnownFileType = image.tiff; name = clearall.tiff; path = icons/clearall.tiff; sourceTree = "<group>"; };
		397D7D950CD96D030064BAE5 /* ipod.applescript */ = {isa = PBXFileReference; fileEncoding = 4; lastKnownFileType = sourcecode.applescript; path = ipod.applescript; sourceTree = "<group>"; };
		398A3B280CCAA56F00548284 /* Localizable.strings */ = {isa = PBXFileReference; fileEncoding = 4; lastKnownFileType = text.plist.strings; path = Localizable.strings; sourceTree = "<group>"; };
		398AC2500CDC13CF004C9375 /* mov123 */ = {isa = PBXFileReference; lastKnownFileType = "compiled.mach-o.executable"; path = mov123; sourceTree = "<group>"; };
		399035C80C0A80BD007AC6A6 /* buttons.applescript */ = {isa = PBXFileReference; fileEncoding = 4; lastKnownFileType = sourcecode.applescript; path = buttons.applescript; sourceTree = "<group>"; };
		399652D60D25896800B7A514 /* topbar.png */ = {isa = PBXFileReference; lastKnownFileType = image.png; path = topbar.png; sourceTree = "<group>"; };
		39A13CDE0DE6876800C725AA /* qt_info */ = {isa = PBXFileReference; lastKnownFileType = "compiled.mach-o.executable"; path = qt_info; sourceTree = "<group>"; };
		39A68AFB0D25ACE300AF5D3B /* SetFile */ = {isa = PBXFileReference; lastKnownFileType = "compiled.mach-o.executable"; path = SetFile; sourceTree = "<group>"; };
		39AAC65B0CBC218F0047C07C /* burntbottom.png */ = {isa = PBXFileReference; lastKnownFileType = image.png; path = burntbottom.png; sourceTree = "<group>"; };
		39AAC65E0CBC22D90047C07C /* grayback.png */ = {isa = PBXFileReference; lastKnownFileType = image.png; path = grayback.png; sourceTree = "<group>"; };
		39AAC6D90CBC82F20047C07C /* toolbaraudio.png */ = {isa = PBXFileReference; lastKnownFileType = image.png; path = toolbaraudio.png; sourceTree = "<group>"; };
		39AAC6DB0CBC84080047C07C /* toolbaroneoff.png */ = {isa = PBXFileReference; lastKnownFileType = image.png; path = toolbaroneoff.png; sourceTree = "<group>"; };
		39AAC6DC0CBC84080047C07C /* toolbarinfo.png */ = {isa = PBXFileReference; lastKnownFileType = image.png; path = toolbarinfo.png; sourceTree = "<group>"; };
		39AFA14E0CB18E0C002F6525 /* table.applescript */ = {isa = PBXFileReference; fileEncoding = 4; lastKnownFileType = sourcecode.applescript; path = table.applescript; sourceTree = "<group>"; };
		39B220FA0CC660DD005F67E2 /* AtomicParsley */ = {isa = PBXFileReference; lastKnownFileType = "compiled.mach-o.executable"; path = AtomicParsley; sourceTree = "<group>"; };
		39BAB0C90CBBF98000616AA0 /* ready.png */ = {isa = PBXFileReference; lastKnownFileType = image.png; path = ready.png; sourceTree = "<group>"; };
		39C1BD9C0E55191C00A982BF /* mediainfo */ = {isa = PBXFileReference; lastKnownFileType = "compiled.mach-o.executable"; path = mediainfo; sourceTree = "<group>"; };
		39C1BD9E0E55192700A982BF /* Example.csv */ = {isa = PBXFileReference; fileEncoding = 4; lastKnownFileType = text; path = Example.csv; sourceTree = "<group>"; };
		39C1BE2F0E56550800A982BF /* dv.png */ = {isa = PBXFileReference; lastKnownFileType = image.png; path = dv.png; sourceTree = "<group>"; };
		39C1BE310E56551600A982BF /* xbox360.png */ = {isa = PBXFileReference; lastKnownFileType = image.png; path = xbox360.png; sourceTree = "<group>"; };
		39C1BE370E56554C00A982BF /* ps3.png */ = {isa = PBXFileReference; lastKnownFileType = image.png; path = ps3.png; sourceTree = "<group>"; };
		39C1BE380E56554C00A982BF /* psp.png */ = {isa = PBXFileReference; lastKnownFileType = image.png; path = psp.png; sourceTree = "<group>"; };
		39C1BE390E56554C00A982BF /* ipod.png */ = {isa = PBXFileReference; lastKnownFileType = image.png; path = ipod.png; sourceTree = "<group>"; };
		39C1BE3A0E56554C00A982BF /* wii.png */ = {isa = PBXFileReference; lastKnownFileType = image.png; path = wii.png; sourceTree = "<group>"; };
		39C1BE3B0E56554C00A982BF /* tivo.png */ = {isa = PBXFileReference; lastKnownFileType = image.png; path = tivo.png; sourceTree = "<group>"; };
		39C1BE3C0E56554C00A982BF /* flash.png */ = {isa = PBXFileReference; lastKnownFileType = image.png; path = flash.png; sourceTree = "<group>"; };
		39C1BE430E56555C00A982BF /* file.png */ = {isa = PBXFileReference; lastKnownFileType = image.png; path = file.png; sourceTree = "<group>"; };
		39C1BE470E5658A300A982BF /* iphone.png */ = {isa = PBXFileReference; lastKnownFileType = image.png; path = iphone.png; sourceTree = "<group>"; };
		39C1BE480E5658A300A982BF /* tinyfile.png */ = {isa = PBXFileReference; lastKnownFileType = image.png; path = tinyfile.png; sourceTree = "<group>"; };
		39C1BE490E5658A300A982BF /* tinyxbox360.png */ = {isa = PBXFileReference; lastKnownFileType = image.png; path = tinyxbox360.png; sourceTree = "<group>"; };
		39C1BE4A0E5658A300A982BF /* tinytivo.png */ = {isa = PBXFileReference; lastKnownFileType = image.png; path = tinytivo.png; sourceTree = "<group>"; };
		39C1BE4B0E5658A300A982BF /* tinyflash.png */ = {isa = PBXFileReference; lastKnownFileType = image.png; path = tinyflash.png; sourceTree = "<group>"; };
		39C1BE4C0E5658A300A982BF /* tinypsp.png */ = {isa = PBXFileReference; lastKnownFileType = image.png; path = tinypsp.png; sourceTree = "<group>"; };
		39C1BE4D0E5658A300A982BF /* tinyps3.png */ = {isa = PBXFileReference; lastKnownFileType = image.png; path = tinyps3.png; sourceTree = "<group>"; };
		39C1BE4E0E5658A300A982BF /* tinydv.png */ = {isa = PBXFileReference; lastKnownFileType = image.png; path = tinydv.png; sourceTree = "<group>"; };
		39C1BE4F0E5658A300A982BF /* tinywii.png */ = {isa = PBXFileReference; lastKnownFileType = image.png; path = tinywii.png; sourceTree = "<group>"; };
		39C1BE500E5658A300A982BF /* tinyiphone.png */ = {isa = PBXFileReference; lastKnownFileType = image.png; path = tinyiphone.png; sourceTree = "<group>"; };
		39C1BE5B0E56593200A982BF /* tinyappletv.png */ = {isa = PBXFileReference; lastKnownFileType = image.png; path = tinyappletv.png; sourceTree = "<group>"; };
		39C1BE5C0E56593200A982BF /* appletv.png */ = {isa = PBXFileReference; lastKnownFileType = image.png; path = appletv.png; sourceTree = "<group>"; };
		39C1BE600E5659C900A982BF /* tinyipod.png */ = {isa = PBXFileReference; lastKnownFileType = image.png; path = tinyipod.png; sourceTree = "<group>"; };
		39C1BE660E565B3900A982BF /* nano.png */ = {isa = PBXFileReference; lastKnownFileType = image.png; path = nano.png; sourceTree = "<group>"; };
		39C1BE670E565B3900A982BF /* tinynano.png */ = {isa = PBXFileReference; lastKnownFileType = image.png; path = tinynano.png; sourceTree = "<group>"; };
		39C274010D71C7B5005112B8 /* growl.applescript */ = {isa = PBXFileReference; fileEncoding = 4; lastKnownFileType = sourcecode.applescript; path = growl.applescript; sourceTree = "<group>"; };
		39CB28D00D04E94700B769CC /* automation.applescript */ = {isa = PBXFileReference; fileEncoding = 4; lastKnownFileType = sourcecode.applescript; path = automation.applescript; sourceTree = "<group>"; };
		39CDEB700E352DE200536F38 /* sofar3.png */ = {isa = PBXFileReference; lastKnownFileType = image.png; name = sofar3.png; path = icons/sofar3.png; sourceTree = "<group>"; };
		39CDEB710E352DE200536F38 /* sofar0.png */ = {isa = PBXFileReference; lastKnownFileType = image.png; name = sofar0.png; path = icons/sofar0.png; sourceTree = "<group>"; };
		39CDEB720E352DE200536F38 /* sofar1.png */ = {isa = PBXFileReference; lastKnownFileType = image.png; name = sofar1.png; path = icons/sofar1.png; sourceTree = "<group>"; };
		39CDEB730E352DE200536F38 /* sofar2.png */ = {isa = PBXFileReference; lastKnownFileType = image.png; name = sofar2.png; path = icons/sofar2.png; sourceTree = "<group>"; };
		39CDEB740E352DE200536F38 /* sofar4.png */ = {isa = PBXFileReference; lastKnownFileType = image.png; name = sofar4.png; path = icons/sofar4.png; sourceTree = "<group>"; };
		39CDEB750E352DE200536F38 /* sofar5.png */ = {isa = PBXFileReference; lastKnownFileType = image.png; name = sofar5.png; path = icons/sofar5.png; sourceTree = "<group>"; };
		39CDEB760E352DE200536F38 /* sofar9.png */ = {isa = PBXFileReference; lastKnownFileType = image.png; name = sofar9.png; path = icons/sofar9.png; sourceTree = "<group>"; };
		39CDEB770E352DE200536F38 /* sofar6.png */ = {isa = PBXFileReference; lastKnownFileType = image.png; name = sofar6.png; path = icons/sofar6.png; sourceTree = "<group>"; };
		39CDEB780E352DE200536F38 /* sofar7.png */ = {isa = PBXFileReference; lastKnownFileType = image.png; name = sofar7.png; path = icons/sofar7.png; sourceTree = "<group>"; };
		39CDEB790E352DE200536F38 /* sofar8.png */ = {isa = PBXFileReference; lastKnownFileType = image.png; name = sofar8.png; path = icons/sofar8.png; sourceTree = "<group>"; };
		39D336160D45295200CD613F /* tinywma.png */ = {isa = PBXFileReference; lastKnownFileType = image.png; path = tinywma.png; sourceTree = "<group>"; };
		39D336170D45295200CD613F /* tinyitunes.png */ = {isa = PBXFileReference; lastKnownFileType = image.png; path = tinyitunes.png; sourceTree = "<group>"; };
		39D336180D45295200CD613F /* tinywav.png */ = {isa = PBXFileReference; lastKnownFileType = image.png; path = tinywav.png; sourceTree = "<group>"; };
		39D336190D45295200CD613F /* tinyflac.png */ = {isa = PBXFileReference; lastKnownFileType = image.png; path = tinyflac.png; sourceTree = "<group>"; };
		39D3361A0D45295200CD613F /* tinycd.png */ = {isa = PBXFileReference; lastKnownFileType = image.png; path = tinycd.png; sourceTree = "<group>"; };
		39D336200D4529B500CD613F /* tinyogg.png */ = {isa = PBXFileReference; lastKnownFileType = image.png; path = tinyogg.png; sourceTree = "<group>"; };
		39D336230D452A0000CD613F /* tiny3g.png */ = {isa = PBXFileReference; lastKnownFileType = image.png; path = tiny3g.png; sourceTree = "<group>"; };
		39DA52B40CFE0D41006B1616 /* preview.applescript */ = {isa = PBXFileReference; fileEncoding = 4; lastKnownFileType = sourcecode.applescript; path = preview.applescript; sourceTree = "<group>"; };
		39E956500E997FEA00165A1C /* mencoder */ = {isa = PBXFileReference; lastKnownFileType = "compiled.mach-o.executable"; path = mencoder; sourceTree = "<group>"; };
		39EE33940E5A0E0D001050D2 /* finder.applescript */ = {isa = PBXFileReference; fileEncoding = 4; lastKnownFileType = sourcecode.applescript; path = finder.applescript; sourceTree = "<group>"; };
		65359356078DD41800E8BB2F /* AppleScriptKit.sdef */ = {isa = PBXFileReference; fileEncoding = 30; lastKnownFileType = text.sdef; name = AppleScriptKit.sdef; path = /System/Library/Frameworks/AppleScriptKit.framework/Versions/A/Resources/AppleScriptKit.sdef; sourceTree = "<absolute>"; };
		DA206CF1015C4E2903C91932 /* AppleScriptKit.framework */ = {isa = PBXFileReference; lastKnownFileType = wrapper.framework; name = AppleScriptKit.framework; path = /System/Library/Frameworks/AppleScriptKit.framework; sourceTree = "<absolute>"; };
		DA206CF3015C4E8B03C91932 /* main.applescript */ = {isa = PBXFileReference; lastKnownFileType = sourcecode.applescript; path = main.applescript; sourceTree = "<group>"; };
/* End PBXFileReference section */

/* Begin PBXFrameworksBuildPhase section */
		257572CB072881A4000BE9CA /* Frameworks */ = {
			isa = PBXFrameworksBuildPhase;
			buildActionMask = 2147483647;
			files = (
				257572CC072881A4000BE9CA /* Cocoa.framework in Frameworks */,
				257572CD072881A4000BE9CA /* AppleScriptKit.framework in Frameworks */,
			);
			runOnlyForDeploymentPostprocessing = 0;
		};
/* End PBXFrameworksBuildPhase section */

/* Begin PBXGroup section */
		080E96DDFE201D6D7F000001 /* Scripts */ = {
			isa = PBXGroup;
			children = (
				DA206CF3015C4E8B03C91932 /* main.applescript */,
				399035C80C0A80BD007AC6A6 /* buttons.applescript */,
				39297B970CB0828D00995B21 /* snippets.applescript */,
				39EE33940E5A0E0D001050D2 /* finder.applescript */,
				39CB28D00D04E94700B769CC /* automation.applescript */,
				397D7D950CD96D030064BAE5 /* ipod.applescript */,
				39AFA14E0CB18E0C002F6525 /* table.applescript */,
				39DA52B40CFE0D41006B1616 /* preview.applescript */,
				39C274010D71C7B5005112B8 /* growl.applescript */,
			);
			name = Scripts;
			sourceTree = "<group>";
		};
		1058C7A0FEA54F0111CA2CBB /* Linked Frameworks */ = {
			isa = PBXGroup;
			children = (
				1058C7A1FEA54F0111CA2CBB /* Cocoa.framework */,
				DA206CF1015C4E2903C91932 /* AppleScriptKit.framework */,
			);
			name = "Linked Frameworks";
			sourceTree = "<group>";
		};
		1058C7A2FEA54F0111CA2CBB /* Other Frameworks */ = {
			isa = PBXGroup;
			children = (
				29B97325FDCFA39411CA2CEA /* Foundation.framework */,
				29B97324FDCFA39411CA2CEA /* AppKit.framework */,
			);
			name = "Other Frameworks";
			sourceTree = "<group>";
		};
		19C28FACFE9D520D11CA2CBB /* Products */ = {
			isa = PBXGroup;
			children = (
				257572D6072881A4000BE9CA /* FilmRedux.app */,
			);
			name = Products;
			sourceTree = "<group>";
		};
		29B97314FDCFA39411CA2CEA /* FilmRedux */ = {
			isa = PBXGroup;
			children = (
				080E96DDFE201D6D7F000001 /* Scripts */,
				29B97317FDCFA39411CA2CEA /* Resources */,
				29B97315FDCFA39411CA2CEA /* Other Sources */,
				29B97323FDCFA39411CA2CEA /* Frameworks */,
				19C28FACFE9D520D11CA2CBB /* Products */,
				257572D5072881A4000BE9CA /* Info.plist */,
			);
			name = FilmRedux;
			sourceTree = "<group>";
		};
		29B97315FDCFA39411CA2CEA /* Other Sources */ = {
			isa = PBXGroup;
			children = (
				29B97316FDCFA39411CA2CEA /* main.m */,
			);
			name = "Other Sources";
			sourceTree = "<group>";
		};
		29B97317FDCFA39411CA2CEA /* Resources */ = {
			isa = PBXGroup;
			children = (
				394FACEE0E1D66A200B97EEA /* executables */,
				39C1BD9E0E55192700A982BF /* Example.csv */,
				39583E970DA40A4900FFCAC9 /* COPYING.txt */,
				390332270D69285C00C8905F /* 3gppass */,
				399035D50C0A8188007AC6A6 /* Images */,
				29B97318FDCFA39411CA2CEA /* MainMenu.nib */,
				089C165CFE840E0CC02AAC07 /* InfoPlist.strings */,
				65359356078DD41800E8BB2F /* AppleScriptKit.sdef */,
				398A3B280CCAA56F00548284 /* Localizable.strings */,
			);
			name = Resources;
			sourceTree = "<group>";
		};
		29B97323FDCFA39411CA2CEA /* Frameworks */ = {
			isa = PBXGroup;
			children = (
				1058C7A0FEA54F0111CA2CBB /* Linked Frameworks */,
				1058C7A2FEA54F0111CA2CBB /* Other Frameworks */,
			);
			name = Frameworks;
			sourceTree = "<group>";
		};
		394FACEE0E1D66A200B97EEA /* executables */ = {
			isa = PBXGroup;
			children = (
				39E956500E997FEA00165A1C /* mencoder */,
				39C1BD9C0E55191C00A982BF /* mediainfo */,
				39B220FA0CC660DD005F67E2 /* AtomicParsley */,
				398AC2500CDC13CF004C9375 /* mov123 */,
				39216CE50E75A4D600F7A5DB /* movtoy4m */,
				39A13CDE0DE6876800C725AA /* qt_info */,
				3968A4C10E6CBB7200B6E6D1 /* mp4pass */,
				39A68AFB0D25ACE300AF5D3B /* SetFile */,
				390332250D69285100C8905F /* qt_export */,
			);
			name = executables;
			sourceTree = "<group>";
		};
		399035D50C0A8188007AC6A6 /* Images */ = {
			isa = PBXGroup;
			children = (
				39C1BE660E565B3900A982BF /* nano.png */,
				39C1BE670E565B3900A982BF /* tinynano.png */,
				39C1BE470E5658A300A982BF /* iphone.png */,
				39C1BE480E5658A300A982BF /* tinyfile.png */,
				39C1BE490E5658A300A982BF /* tinyxbox360.png */,
				39C1BE600E5659C900A982BF /* tinyipod.png */,
				39C1BE5B0E56593200A982BF /* tinyappletv.png */,
				39C1BE5C0E56593200A982BF /* appletv.png */,
				39C1BE4A0E5658A300A982BF /* tinytivo.png */,
				39C1BE4B0E5658A300A982BF /* tinyflash.png */,
				39C1BE4C0E5658A300A982BF /* tinypsp.png */,
				39C1BE4D0E5658A300A982BF /* tinyps3.png */,
				39C1BE4E0E5658A300A982BF /* tinydv.png */,
				39C1BE4F0E5658A300A982BF /* tinywii.png */,
				39C1BE500E5658A300A982BF /* tinyiphone.png */,
				39C1BE370E56554C00A982BF /* ps3.png */,
				39C1BE380E56554C00A982BF /* psp.png */,
				39C1BE390E56554C00A982BF /* ipod.png */,
				39C1BE430E56555C00A982BF /* file.png */,
				39C1BE3A0E56554C00A982BF /* wii.png */,
				39C1BE3B0E56554C00A982BF /* tivo.png */,
				39C1BE3C0E56554C00A982BF /* flash.png */,
				39C1BE310E56551600A982BF /* xbox360.png */,
				39C1BE2F0E56550800A982BF /* dv.png */,
				39CDEB700E352DE200536F38 /* sofar3.png */,
				39CDEB710E352DE200536F38 /* sofar0.png */,
				39CDEB720E352DE200536F38 /* sofar1.png */,
				39CDEB730E352DE200536F38 /* sofar2.png */,
				39CDEB740E352DE200536F38 /* sofar4.png */,
				39CDEB750E352DE200536F38 /* sofar5.png */,
				39CDEB760E352DE200536F38 /* sofar9.png */,
				39CDEB770E352DE200536F38 /* sofar6.png */,
				39CDEB780E352DE200536F38 /* sofar7.png */,
				39CDEB790E352DE200536F38 /* sofar8.png */,
				390331B60D68DD5D00C8905F /* notifications.icns */,
				3944776D0D45765D0026522B /* readyunknown.png */,
				39D336160D45295200CD613F /* tinywma.png */,
				39D336170D45295200CD613F /* tinyitunes.png */,
				39D336180D45295200CD613F /* tinywav.png */,
				39D336190D45295200CD613F /* tinyflac.png */,
				39D336230D452A0000CD613F /* tiny3g.png */,
				39D3361A0D45295200CD613F /* tinycd.png */,
				39D336200D4529B500CD613F /* tinyogg.png */,
				39709E7D0CBBDE0900F7BC13 /* preview.tiff */,
				39709E7F0CBBDE0900F7BC13 /* info.tiff */,
				399652D60D25896800B7A514 /* topbar.png */,
				39709E800CBBDE0900F7BC13 /* ok.png */,
				39AAC65E0CBC22D90047C07C /* grayback.png */,
				39AAC65B0CBC218F0047C07C /* burntbottom.png */,
				39709E810CBBDE0900F7BC13 /* converting.png */,
				39709E820CBBDE0900F7BC13 /* delete.icns */,
				39AAC6D90CBC82F20047C07C /* toolbaraudio.png */,
				39709E830CBBDE0900F7BC13 /* burn.icns */,
				395A14DD0D41644900F1E540 /* aiff.png */,
				395A153F0D41669900F1E540 /* 3g.png */,
				395A14DE0D41644900F1E540 /* aac.png */,
				395A14DF0D41644900F1E540 /* wav.png */,
				395A14E40D41647400F1E540 /* wma.png */,
				390371810D41684600E7501B /* cd.png */,
				395A14E00D41644900F1E540 /* mp3.png */,
				395A14E10D41644900F1E540 /* itunesfile.png */,
				395A14D80D4160D400F1E540 /* flac.png */,
				395A14D90D4160D400F1E540 /* ogg.png */,
				39709E850CBBDE0900F7BC13 /* GenericDocumentIcon.icns */,
				39BAB0C90CBBF98000616AA0 /* ready.png */,
				39AAC6DB0CBC84080047C07C /* toolbaroneoff.png */,
				39AAC6DC0CBC84080047C07C /* toolbarinfo.png */,
				39709E890CBBDE0900F7BC13 /* add.icns */,
				39709E8A0CBBDE0900F7BC13 /* prefs.icns */,
				39709E8B0CBBDE0900F7BC13 /* error.png */,
				39709E8D0CBBDE0900F7BC13 /* clearall.tiff */,
			);
			name = Images;
			sourceTree = "<group>";
		};
/* End PBXGroup section */

/* Begin PBXHeadersBuildPhase section */
		257572C3072881A4000BE9CA /* Headers */ = {
			isa = PBXHeadersBuildPhase;
			buildActionMask = 2147483647;
			files = (
			);
			runOnlyForDeploymentPostprocessing = 0;
		};
/* End PBXHeadersBuildPhase section */

/* Begin PBXNativeTarget section */
		257572C2072881A4000BE9CA /* FilmRedux */ = {
			isa = PBXNativeTarget;
			buildConfigurationList = 4E71A80508A2C90C0034BBD9 /* Build configuration list for PBXNativeTarget "FilmRedux" */;
			buildPhases = (
				394477A20D45802A0026522B /* CopyFiles */,
				257572C3072881A4000BE9CA /* Headers */,
				257572C6072881A4000BE9CA /* Resources */,
				257572C9072881A4000BE9CA /* Sources */,
				257572CB072881A4000BE9CA /* Frameworks */,
				257572C4072881A4000BE9CA /* AppleScript */,
			);
			buildRules = (
			);
			dependencies = (
			);
			name = FilmRedux;
			productInstallPath = "$(HOME)/Applications";
			productName = FilmRedux;
			productReference = 257572D6072881A4000BE9CA /* FilmRedux.app */;
			productType = "com.apple.product-type.application";
		};
/* End PBXNativeTarget section */

/* Begin PBXProject section */
		29B97313FDCFA39411CA2CEA /* Project object */ = {
			isa = PBXProject;
			buildConfigurationList = 4E71A80908A2C90C0034BBD9 /* Build configuration list for PBXProject "FilmRedux" */;
			compatibilityVersion = "Xcode 3.0";
			hasScannedForEncodings = 1;
			mainGroup = 29B97314FDCFA39411CA2CEA /* FilmRedux */;
			projectDirPath = "";
			projectRoot = "";
			targets = (
				257572C2072881A4000BE9CA /* FilmRedux */,
			);
		};
/* End PBXProject section */

/* Begin PBXResourcesBuildPhase section */
		257572C6072881A4000BE9CA /* Resources */ = {
			isa = PBXResourcesBuildPhase;
			buildActionMask = 2147483647;
			files = (
				257572C7072881A4000BE9CA /* MainMenu.nib in Resources */,
				257572C8072881A4000BE9CA /* InfoPlist.strings in Resources */,
				39709E8E0CBBDE0900F7BC13 /* preview.tiff in Resources */,
				39709E900CBBDE0900F7BC13 /* info.tiff in Resources */,
				39709E910CBBDE0900F7BC13 /* ok.png in Resources */,
				39709E920CBBDE0900F7BC13 /* converting.png in Resources */,
				39709E930CBBDE0900F7BC13 /* delete.icns in Resources */,
				39709E940CBBDE0900F7BC13 /* burn.icns in Resources */,
				39709E9A0CBBDE0900F7BC13 /* add.icns in Resources */,
				39709E9B0CBBDE0900F7BC13 /* prefs.icns in Resources */,
				39709E9C0CBBDE0900F7BC13 /* error.png in Resources */,
				39709E9E0CBBDE0900F7BC13 /* clearall.tiff in Resources */,
				39BAB0CA0CBBF98000616AA0 /* ready.png in Resources */,
				39AAC65C0CBC218F0047C07C /* burntbottom.png in Resources */,
				39AAC65F0CBC22D90047C07C /* grayback.png in Resources */,
				39AAC6DA0CBC82F20047C07C /* toolbaraudio.png in Resources */,
				39AAC6DD0CBC84080047C07C /* toolbaroneoff.png in Resources */,
				39AAC6DE0CBC84080047C07C /* toolbarinfo.png in Resources */,
				398A3B290CCAA56F00548284 /* Localizable.strings in Resources */,
				398AC2510CDC13CF004C9375 /* mov123 in Resources */,
				39DD111D0D15D558005563CB /* AtomicParsley in Resources */,
				399652D70D25896800B7A514 /* topbar.png in Resources */,
				39A68AFC0D25ACE300AF5D3B /* SetFile in Resources */,
				395A14DA0D4160D400F1E540 /* flac.png in Resources */,
				395A14DB0D4160D400F1E540 /* ogg.png in Resources */,
				395A14E50D41647400F1E540 /* wma.png in Resources */,
				395A14EA0D4165F500F1E540 /* mp3.png in Resources */,
				395A14EB0D4165FC00F1E540 /* aiff.png in Resources */,
				395A14EC0D4165FC00F1E540 /* aac.png in Resources */,
				395A14ED0D4165FC00F1E540 /* wav.png in Resources */,
				395A14EE0D4165FC00F1E540 /* itunesfile.png in Resources */,
				395A15400D41669900F1E540 /* 3g.png in Resources */,
				390371820D41684600E7501B /* cd.png in Resources */,
				39D3361B0D45295200CD613F /* tinywma.png in Resources */,
				39D3361C0D45295200CD613F /* tinyitunes.png in Resources */,
				39D3361D0D45295200CD613F /* tinywav.png in Resources */,
				39D3361E0D45295200CD613F /* tinyflac.png in Resources */,
				39D3361F0D45295200CD613F /* tinycd.png in Resources */,
				39D336210D4529B500CD613F /* tinyogg.png in Resources */,
				39D336240D452A0000CD613F /* tiny3g.png in Resources */,
				3944776E0D45765D0026522B /* readyunknown.png in Resources */,
				390331B70D68DD5D00C8905F /* notifications.icns in Resources */,
				390332260D69285100C8905F /* qt_export in Resources */,
				390332280D69285C00C8905F /* 3gppass in Resources */,
				39583E990DA40A4900FFCAC9 /* COPYING.txt in Resources */,
				39A13CDF0DE6876800C725AA /* qt_info in Resources */,
				39CDEB7A0E352DE200536F38 /* sofar3.png in Resources */,
				39CDEB7B0E352DE200536F38 /* sofar0.png in Resources */,
				39CDEB7C0E352DE200536F38 /* sofar1.png in Resources */,
				39CDEB7D0E352DE200536F38 /* sofar2.png in Resources */,
				39CDEB7E0E352DE200536F38 /* sofar4.png in Resources */,
				39CDEB7F0E352DE200536F38 /* sofar5.png in Resources */,
				39CDEB800E352DE200536F38 /* sofar9.png in Resources */,
				39CDEB810E352DE200536F38 /* sofar6.png in Resources */,
				39CDEB820E352DE200536F38 /* sofar7.png in Resources */,
				39CDEB830E352DE200536F38 /* sofar8.png in Resources */,
				39C1BD9D0E55191C00A982BF /* mediainfo in Resources */,
				39C1BD9F0E55192700A982BF /* Example.csv in Resources */,
				39C1BE300E56550800A982BF /* dv.png in Resources */,
				39C1BE320E56551600A982BF /* xbox360.png in Resources */,
				39C1BE3D0E56554C00A982BF /* ps3.png in Resources */,
				39C1BE3E0E56554C00A982BF /* psp.png in Resources */,
				39C1BE3F0E56554C00A982BF /* ipod.png in Resources */,
				39C1BE400E56554C00A982BF /* wii.png in Resources */,
				39C1BE410E56554C00A982BF /* tivo.png in Resources */,
				39C1BE420E56554C00A982BF /* flash.png in Resources */,
				39C1BE440E56555C00A982BF /* file.png in Resources */,
				39C1BE510E5658A300A982BF /* iphone.png in Resources */,
				39C1BE520E5658A300A982BF /* tinyfile.png in Resources */,
				39C1BE530E5658A300A982BF /* tinyxbox360.png in Resources */,
				39C1BE540E5658A300A982BF /* tinytivo.png in Resources */,
				39C1BE550E5658A300A982BF /* tinyflash.png in Resources */,
				39C1BE560E5658A300A982BF /* tinypsp.png in Resources */,
				39C1BE570E5658A300A982BF /* tinyps3.png in Resources */,
				39C1BE580E5658A300A982BF /* tinydv.png in Resources */,
				39C1BE590E5658A300A982BF /* tinywii.png in Resources */,
				39C1BE5A0E5658A300A982BF /* tinyiphone.png in Resources */,
				39C1BE5D0E56593200A982BF /* tinyappletv.png in Resources */,
				39C1BE5E0E56593200A982BF /* appletv.png in Resources */,
				39C1BE610E5659C900A982BF /* tinyipod.png in Resources */,
				39C1BE680E565B3900A982BF /* nano.png in Resources */,
				39C1BE690E565B3900A982BF /* tinynano.png in Resources */,
				3968A4C20E6CBB7200B6E6D1 /* mp4pass in Resources */,
				39216CE60E75A4D600F7A5DB /* movtoy4m in Resources */,
				39E956510E997FEA00165A1C /* mencoder in Resources */,
			);
			runOnlyForDeploymentPostprocessing = 0;
		};
/* End PBXResourcesBuildPhase section */

/* Begin PBXSourcesBuildPhase section */
		257572C9072881A4000BE9CA /* Sources */ = {
			isa = PBXSourcesBuildPhase;
			buildActionMask = 2147483647;
			files = (
				257572CA072881A4000BE9CA /* main.m in Sources */,
			);
			runOnlyForDeploymentPostprocessing = 0;
		};
/* End PBXSourcesBuildPhase section */

/* Begin PBXVariantGroup section */
		089C165CFE840E0CC02AAC07 /* InfoPlist.strings */ = {
			isa = PBXVariantGroup;
			children = (
				089C165DFE840E0CC02AAC07 /* English */,
			);
			name = InfoPlist.strings;
			sourceTree = "<group>";
		};
		29B97318FDCFA39411CA2CEA /* MainMenu.nib */ = {
			isa = PBXVariantGroup;
			children = (
				29B97319FDCFA39411CA2CEA /* English */,
			);
			name = MainMenu.nib;
			sourceTree = "<group>";
		};
/* End PBXVariantGroup section */

/* Begin XCBuildConfiguration section */
		4E71A80608A2C90C0034BBD9 /* Debug */ = {
			isa = XCBuildConfiguration;
			buildSettings = {
				COPY_PHASE_STRIP = NO;
				FRAMEWORK_SEARCH_PATHS = (
					"$(inherited)",
					"\"$(SRCROOT)\"",
				);
				GCC_DYNAMIC_NO_PIC = NO;
				GCC_ENABLE_FIX_AND_CONTINUE = YES;
				GCC_MODEL_TUNING = G5;
				GCC_OPTIMIZATION_LEVEL = 0;
				INFOPLIST_FILE = Info.plist;
				INSTALL_PATH = "$(HOME)/Applications";
				PRODUCT_NAME = FilmRedux;
				WRAPPER_EXTENSION = app;
				ZERO_LINK = YES;
			};
			name = Debug;
		};
		4E71A80708A2C90C0034BBD9 /* Release */ = {
			isa = XCBuildConfiguration;
			buildSettings = {
				ARCHS = (
					ppc,
					i386,
				);
				FRAMEWORK_SEARCH_PATHS = (
					"$(inherited)",
					"\"$(SRCROOT)\"",
				);
				GCC_GENERATE_DEBUGGING_SYMBOLS = NO;
				GCC_MODEL_TUNING = G4;
				INFOPLIST_FILE = Info.plist;
				INSTALL_PATH = "$(HOME)/Applications";
				OTHER_OSAFLAGS = "-x";
				PRODUCT_NAME = FilmRedux;
				WRAPPER_EXTENSION = app;
			};
			name = Release;
		};
		4E71A80A08A2C90C0034BBD9 /* Debug */ = {
			isa = XCBuildConfiguration;
			buildSettings = {
				GCC_WARN_ABOUT_RETURN_TYPE = YES;
				GCC_WARN_UNUSED_VARIABLE = YES;
				PREBINDING = NO;
				SDKROOT = "$(DEVELOPER_SDK_DIR)/MacOSX10.4u.sdk";
			};
			name = Debug;
		};
		4E71A80B08A2C90C0034BBD9 /* Release */ = {
			isa = XCBuildConfiguration;
			buildSettings = {
				ARCHS = (
					i386,
					ppc,
				);
				GCC_WARN_ABOUT_RETURN_TYPE = YES;
				GCC_WARN_UNUSED_VARIABLE = YES;
				MACOSX_DEPLOYMENT_TARGET = 10.4;
				PREBINDING = NO;
				SDKROOT = "$(DEVELOPER_SDK_DIR)/MacOSX10.4u.sdk";
			};
			name = Release;
		};
/* End XCBuildConfiguration section */

/* Begin XCConfigurationList section */
		4E71A80508A2C90C0034BBD9 /* Build configuration list for PBXNativeTarget "FilmRedux" */ = {
			isa = XCConfigurationList;
			buildConfigurations = (
				4E71A80608A2C90C0034BBD9 /* Debug */,
				4E71A80708A2C90C0034BBD9 /* Release */,
			);
			defaultConfigurationIsVisible = 0;
			defaultConfigurationName = Release;
		};
		4E71A80908A2C90C0034BBD9 /* Build configuration list for PBXProject "FilmRedux" */ = {
			isa = XCConfigurationList;
			buildConfigurations = (
				4E71A80A08A2C90C0034BBD9 /* Debug */,
				4E71A80B08A2C90C0034BBD9 /* Release */,
			);
			defaultConfigurationIsVisible = 0;
			defaultConfigurationName = Release;
		};
/* End XCConfigurationList section */
	};
	rootObject = 29B97313FDCFA39411CA2CEA /* Project object */;
}
